
Microsoft Visual Studio Solution File, Format Version 12.00
# Visual Studio Version 17
VisualStudioVersion = 17.3.32922.545
MinimumVisualStudioVersion = 10.0.40219.1
Project("{FAE04EC0-301F-11D3-BF4B-00C04F79EFBC}") = "creatingCompositions", "creatingCompositions\creatingCompositions.csproj", "{A81ADFC2-AF91-421C-B079-54A949792B9D}"
EndProject
Global
	GlobalSection(SolutionConfigurationPlatforms) = preSolution
		Debug|Any CPU = Debug|Any CPU
		Release|Any CPU = Release|Any CPU
	EndGlobalSection
	GlobalSection(ProjectConfigurationPlatforms) = postSolution
		{A81ADFC2-AF91-421C-B079-54A949792B9D}.Debug|Any CPU.ActiveCfg = Debug|Any CPU
		{A81ADFC2-AF91-421C-B079-54A949792B9D}.Debug|Any CPU.Build.0 = Debug|Any CPU
		{A81ADFC2-AF91-421C-B079-54A949792B9D}.Release|Any CPU.ActiveCfg = Release|Any CPU
		{A81ADFC2-AF91-421C-B079-54A949792B9D}.Release|Any CPU.Build.0 = Release|Any CPU
	EndGlobalSection
	GlobalSection(SolutionProperties) = preSolution
		HideSolutionNode = FALSE
	EndGlobalSection
	GlobalSection(ExtensibilityGlobals) = postSolution
		SolutionGuid = {72A5CE76-EAB4-45A5-8589-217609241AE2}
	EndGlobalSection
EndGlobal
